dependencies:
- name: rabbitmq
  repository: https://charts.bitnami.com/bitnami
  version: 16.0.14
- name: postgresql
  repository: https://charts.bitnami.com/bitnami
  version: 18.8.13
- name: microservice
  repository: file://./charts/microservice
  version: 1.0.0
- name: microservice
  repository: file://./charts/microservice
  version: 1.0.0
- name: microservice
  repository: file://./charts/microservice
  version: 1.0.0
- name: microservice
  repository: file://./charts/microservice
  version: 1.0.0
- name: microservice
  repository: file://./charts/microservice
  version: 1.0.0
digest: sha256:575e1a77aa99953730323308ba9ef58f522a162f01355f024c2c2653f89207b0
generated: "2026-08-28T20:39:24.8795845-06:00"
